
Microsoft Visual Studio Solution File, Format Version 12.00
# Visual Studio Version 16
VisualStudioVersion = 16.0.30503.244
MinimumVisualStudioVersion = 10.0.40219.1
Project("{2150E333-8FDC-42A3-9474-1A3956D46DE8}") = "Presentation", "Presentation", "{1051C25A-90CB-4160-B757-4DF7F4D489F0}"
EndProject
Project("{2150E333-8FDC-42A3-9474-1A3956D46DE8}") = "Testing", "Testing", "{4A3C81AF-81E6-4B32-9ED7-2A444392734C}"
EndProject
Project("{2150E333-8FDC-42A3-9474-1A3956D46DE8}") = "Library", "Library", "{58CC17FA-A951-43E2-90EE-138D8ED00900}"
EndProject
Project("{FAE04EC0-301F-11D3-BF4B-00C04F79EFBC}") = "ChessGameLibrary", "ChessGameLibrary\ChessGameLibrary.csproj", "{E3EC43C6-3634-4731-96C5-A466B7DC1B0A}"
EndProject
Global
	GlobalSection(SolutionConfigurationPlatforms) = preSolution
		Debug|Any CPU = Debug|Any CPU
		Release|Any CPU = Release|Any CPU
	EndGlobalSection
	GlobalSection(ProjectConfigurationPlatforms) = postSolution
		{E3EC43C6-3634-4731-96C5-A466B7DC1B0A}.Debug|Any CPU.ActiveCfg = Debug|Any CPU
		{E3EC43C6-3634-4731-96C5-A466B7DC1B0A}.Debug|Any CPU.Build.0 = Debug|Any CPU
		{E3EC43C6-3634-4731-96C5-A466B7DC1B0A}.Release|Any CPU.ActiveCfg = Release|Any CPU
		{E3EC43C6-3634-4731-96C5-A466B7DC1B0A}.Release|Any CPU.Build.0 = Release|Any CPU
	EndGlobalSection
	GlobalSection(SolutionProperties) = preSolution
		HideSolutionNode = FALSE
	EndGlobalSection
	GlobalSection(NestedProjects) = preSolution
		{E3EC43C6-3634-4731-96C5-A466B7DC1B0A} = {58CC17FA-A951-43E2-90EE-138D8ED00900}
	EndGlobalSection
	GlobalSection(ExtensibilityGlobals) = postSolution
		SolutionGuid = {54531035-56DB-4E6A-A09F-DED6995A4022}
	EndGlobalSection
EndGlobal
